
Microsoft Visual Studio Solution File, Format Version 10.00
# Visual Studio 2008
Project("{FAE04EC0-301F-11D3-BF4B-00C04F79EFBC}") = "convcv2", "convcv2\convcv2.csproj", "{0743A614-4ED9-433C-9AA5-CD3440DB354E}"
EndProject
Global
	GlobalSection(SolutionConfigurationPlatforms) = preSolution
		Debug|Any CPU = Debug|Any CPU
		Release|Any CPU = Release|Any CPU
	EndGlobalSection
	GlobalSection(ProjectConfigurationPlatforms) = postSolution
		{0743A614-4ED9-433C-9AA5-CD3440DB354E}.Debug|Any CPU.ActiveCfg = Debug|Any CPU
		{0743A614-4ED9-433C-9AA5-CD3440DB354E}.Debug|Any CPU.Build.0 = Debug|Any CPU
		{0743A614-4ED9-433C-9AA5-CD3440DB354E}.Release|Any CPU.ActiveCfg = Release|Any CPU
		{0743A614-4ED9-433C-9AA5-CD3440DB354E}.Release|Any CPU.Build.0 = Release|Any CPU
	EndGlobalSection
	GlobalSection(SolutionProperties) = preSolution
		HideSolutionNode = FALSE
	EndGlobalSection
EndGlobal
